
Microsoft Visual Studio Solution File, Format Version 12.00
# Visual Studio Version 17
VisualStudioVersion = 17.0.31606.5
MinimumVisualStudioVersion = 10.0.40219.1
Project("{2150E333-8FDC-42A3-9474-1A3956D46DE8}") = "Backend", "Backend", "{D3E1F152-76BA-40BE-9D0C-8F2CD124FC4C}"
EndProject
Project("{2150E333-8FDC-42A3-9474-1A3956D46DE8}") = "Solution Items", "Solution Items", "{07904EA8-7969-42CB-B5A7-5BDA087AA900}"
	ProjectSection(SolutionItems) = preProject
		.editorconfig = .editorconfig
		.gitignore = .gitignore
		Directory.Build.props = Directory.Build.props
		nuget.config = nuget.config
		README.md = README.md
		Rules.ruleset = Rules.ruleset
	EndProjectSection
EndProject
Project("{2150E333-8FDC-42A3-9474-1A3956D46DE8}") = "Tests", "Tests", "{3BC09110-05BA-4363-9A18-07035088B538}"
EndProject
Project("{9A19103F-16F7-4668-BE54-9A1E7A4F7556}") = "BO", "src\BO\BO.csproj", "{878E6447-B349-498F-81DD-63350CB408F6}"
EndProject
Project("{9A19103F-16F7-4668-BE54-9A1E7A4F7556}") = "DA", "src\DA\DA.csproj", "{0832D5B0-770E-4988-BD05-033D2B02CCC7}"
EndProject
Project("{9A19103F-16F7-4668-BE54-9A1E7A4F7556}") = "EFCTools", "src\EFCTools\EFCTools.csproj", "{BA698613-4594-4B58-A7D3-D7ABE687E45A}"
EndProject
Project("{9A19103F-16F7-4668-BE54-9A1E7A4F7556}") = "BL", "src\BL\BL.csproj", "{57F910F4-10F0-49AA-9BA9-3D4EC3291659}"
EndProject
Project("{9A19103F-16F7-4668-BE54-9A1E7A4F7556}") = "UnitTests", "test\UnitTests\UnitTests.csproj", "{F367B5B9-8ACE-445F-B859-C323930584EF}"
EndProject
Project("{2150E333-8FDC-42A3-9474-1A3956D46DE8}") = "Tools", "Tools", "{53D1E79B-108E-4889-A152-016FF8521436}"
EndProject
Project("{2150E333-8FDC-42A3-9474-1A3956D46DE8}") = "LIBs", "LIBs", "{75530CE1-DE0B-4FD6-BAF8-8DA4A88C9316}"
	ProjectSection(SolutionItems) = preProject
		ProjectPackages\ITV.AppUtil.NETStandard.9.13.2.nupkg = ProjectPackages\ITV.AppUtil.NETStandard.9.13.2.nupkg
		ProjectPackages\ITV.AppUtil.NETStandard.9.19.1.nupkg = ProjectPackages\ITV.AppUtil.NETStandard.9.19.1.nupkg
		ProjectPackages\ITV.EFCoreUtil.8.0.0.nupkg = ProjectPackages\ITV.EFCoreUtil.8.0.0.nupkg
	EndProjectSection
EndProject
Project("{2150E333-8FDC-42A3-9474-1A3956D46DE8}") = "DevOps Build", "DevOps Build", "{43F60664-E191-4763-A577-16F239C50740}"
	ProjectSection(SolutionItems) = preProject
		DevOps_Build\AssemblyVersionUpdate.ps1 = DevOps_Build\AssemblyVersionUpdate.ps1
		DevOps_Build\Build.yaml = DevOps_Build\Build.yaml
		DevOps_Build\MiracleListBackend-CI.json = DevOps_Build\MiracleListBackend-CI.json
		DevOps_Build\MiracleListClient-CI.json = DevOps_Build\MiracleListClient-CI.json
		DevOps_Build\publishSCA.ps1 = DevOps_Build\publishSCA.ps1
		DevOps_Build\run-xunittests.ps1 = DevOps_Build\run-xunittests.ps1
	EndProjectSection
EndProject
Project("{2150E333-8FDC-42A3-9474-1A3956D46DE8}") = "DevOps Release", "DevOps Release", "{CFE4DA07-B777-4A56-B4EF-6A5357250707}"
	ProjectSection(SolutionItems) = preProject
		DevOps_Release\CreateAzureRessources.ps1 = DevOps_Release\CreateAzureRessources.ps1
		DevOps_Release\EFTools-Migration.ps1 = DevOps_Release\EFTools-Migration.ps1
		DevOps_Release\MiracleList-APITests.postman_collection.json = DevOps_Release\MiracleList-APITests.postman_collection.json
		DevOps_Release\MiracleList-APITests.postman_environment.dev.json = DevOps_Release\MiracleList-APITests.postman_environment.dev.json
		DevOps_Release\MiracleList-APITests.postman_environment.json = DevOps_Release\MiracleList-APITests.postman_environment.json
		DevOps_Release\MiracleList_DEV.postman_collection.json = DevOps_Release\MiracleList_DEV.postman_collection.json
		DevOps_Release\Postman-Test.ps1 = DevOps_Release\Postman-Test.ps1
	EndProjectSection
EndProject
Project("{2150E333-8FDC-42A3-9474-1A3956D46DE8}") = "Blazor Apps Head Projects", "Blazor Apps Head Projects", "{182D2969-79F8-4180-8E93-B57DB21B52D7}"
EndProject
Project("{9A19103F-16F7-4668-BE54-9A1E7A4F7556}") = "MiracleList_BS", "src\MiracleList_BS\MiracleList_BS.csproj", "{0445AB24-CD50-4B4F-BB97-8977B3EB0FD2}"
EndProject
Project("{9A19103F-16F7-4668-BE54-9A1E7A4F7556}") = "MiracleListAPI_Proxy", "src\MiracleListAPI_Proxy\MiracleListAPI_Proxy.csproj", "{C5AF7BC4-711C-4EFC-9B10-FA4BE62E8B50}"
EndProject
Project("{9A19103F-16F7-4668-BE54-9A1E7A4F7556}") = "MiracleList_BW", "src\MiracleList_BW\MiracleList_BW.csproj", "{6425B33A-953B-4CCF-AA1B-772994FE6CB6}"
EndProject
Project("{9A19103F-16F7-4668-BE54-9A1E7A4F7556}") = "MiracleList_Backend", "src\MiracleList_Backend\MiracleList_Backend.csproj", "{A4D0C5D1-BC21-4380-A099-12A46DC3A23C}"
EndProject
Project("{9A19103F-16F7-4668-BE54-9A1E7A4F7556}") = "ITVisions.Blazor", "src\ITVisions.Blazor\ITVisions.Blazor.csproj", "{B95194D8-CED4-4386-9EAE-D83EFE55B1D6}"
EndProject
Project("{9A19103F-16F7-4668-BE54-9A1E7A4F7556}") = "MLBlazorRCL", "src\MLBlazorRCL\MLBlazorRCL.csproj", "{03EFBB7B-4448-42A5-B278-2F9CF836EBBD}"
EndProject
Project("{9A19103F-16F7-4668-BE54-9A1E7A4F7556}") = "ITVRazorPagesClassLibrary", "src\ITVRazorPagesRCL\ITVRazorPagesClassLibrary.csproj", "{02E26D55-45F1-4B73-B000-A1C1DB30EF2C}"
EndProject
Project("{9A19103F-16F7-4668-BE54-9A1E7A4F7556}") = "BlazorTests", "Test\BlazorTests\BlazorTests.csproj", "{919388F4-AD25-4EAA-B506-25622A8BA371}"
EndProject
Project("{9A19103F-16F7-4668-BE54-9A1E7A4F7556}") = "ITVTagHelper", "src\ITVTagHelper\ITVTagHelper.csproj", "{B2A43190-B21A-453E-B98F-BA0C9CB1067D}"
EndProject
Project("{9A19103F-16F7-4668-BE54-9A1E7A4F7556}") = "SamplesRCL", "src\SamplesRCL\SamplesRCL.csproj", "{DFA7330E-3191-4F08-83A4-80FA71CF4AC3}"
EndProject
Project("{9A19103F-16F7-4668-BE54-9A1E7A4F7556}") = "MiracleList_BD", "src\MiracleList_BD\MiracleList_BD.csproj", "{DE9C1B8F-A807-4E67-957A-DAC2199B5B9D}"
EndProject
Project("{9A19103F-16F7-4668-BE54-9A1E7A4F7556}") = "MiracleList_BM", "src\MiracleList_BM\MiracleList_BM.csproj", "{5F265CAC-953E-43D6-A3A0-217C4CE0547D}"
EndProject
Project("{9A19103F-16F7-4668-BE54-9A1E7A4F7556}") = "MiracleList_Interfaces", "src\MiracleList_Interfaces\MiracleList_Interfaces.csproj", "{AEF98246-D459-48BE-A4A1-AD93CBDCC3D5}"
EndProject
Project("{2150E333-8FDC-42A3-9474-1A3956D46DE8}") = "Blazor Apps Shared Code", "Blazor Apps Shared Code", "{0FEFCE26-ED1B-4EC9-813E-F75A4DED6AC0}"
EndProject
Project("{9A19103F-16F7-4668-BE54-9A1E7A4F7556}") = "SeleniumTests", "Test\SeleniumTests\SeleniumTests.csproj", "{42C51058-FCA8-428D-9F83-09554C1183BA}"
EndProject
Project("{9A19103F-16F7-4668-BE54-9A1E7A4F7556}") = "WebserviceTests", "Test\WebserviceTests\WebserviceTests.csproj", "{486D09F2-E155-4FE0-9250-E26FFF59A52A}"
EndProject
Project("{9A19103F-16F7-4668-BE54-9A1E7A4F7556}") = "PlaywrightTests", "Test\PlaywrightTests\PlaywrightTests.csproj", "{D35D7636-5269-4929-AD5F-3211F6D4CE11}"
EndProject
Project("{9A19103F-16F7-4668-BE54-9A1E7A4F7556}") = "MiracleList_BU", "src\MiracleList_BU\MiracleList_BU.csproj", "{67929B82-5667-4AC3-9133-434872B87D8A}"
EndProject
Project("{9A19103F-16F7-4668-BE54-9A1E7A4F7556}") = "MiracleList_BU.Client", "src\MiracleList_BU.Client\MiracleList_BU.Client.csproj", "{6CF5228F-2FB0-4C1E-9B27-809298720005}"
EndProject
Global
	GlobalSection(SolutionConfigurationPlatforms) = preSolution
		Debug|Any CPU = Debug|Any CPU
		Debug|ARM64 = Debug|ARM64
		Debug|x64 = Debug|x64
		Debug|x86 = Debug|x86
		Release|Any CPU = Release|Any CPU
		Release|ARM64 = Release|ARM64
		Release|x64 = Release|x64
		Release|x86 = Release|x86
	EndGlobalSection
	GlobalSection(ProjectConfigurationPlatforms) = postSolution
		{878E6447-B349-498F-81DD-63350CB408F6}.Debug|Any CPU.ActiveCfg = Debug|Any CPU
		{878E6447-B349-498F-81DD-63350CB408F6}.Debug|Any CPU.Build.0 = Debug|Any CPU
		{878E6447-B349-498F-81DD-63350CB408F6}.Debug|ARM64.ActiveCfg = Debug|Any CPU
		{878E6447-B349-498F-81DD-63350CB408F6}.Debug|ARM64.Build.0 = Debug|Any CPU
		{878E6447-B349-498F-81DD-63350CB408F6}.Debug|x64.ActiveCfg = Debug|Any CPU
		{878E6447-B349-498F-81DD-63350CB408F6}.Debug|x64.Build.0 = Debug|Any CPU
		{878E6447-B349-498F-81DD-63350CB408F6}.Debug|x86.ActiveCfg = Debug|Any CPU
		{878E6447-B349-498F-81DD-63350CB408F6}.Debug|x86.Build.0 = Debug|Any CPU
		{878E6447-B349-498F-81DD-63350CB408F6}.Release|Any CPU.ActiveCfg = Release|Any CPU
		{878E6447-B349-498F-81DD-63350CB408F6}.Release|Any CPU.Build.0 = Release|Any CPU
		{878E6447-B349-498F-81DD-63350CB408F6}.Release|ARM64.ActiveCfg = Release|Any CPU
		{878E6447-B349-498F-81DD-63350CB408F6}.Release|ARM64.Build.0 = Release|Any CPU
		{878E6447-B349-498F-81DD-63350CB408F6}.Release|x64.ActiveCfg = Release|Any CPU
		{878E6447-B349-498F-81DD-63350CB408F6}.Release|x64.Build.0 = Release|Any CPU
		{878E6447-B349-498F-81DD-63350CB408F6}.Release|x86.ActiveCfg = Release|Any CPU
		{878E6447-B349-498F-81DD-63350CB408F6}.Release|x86.Build.0 = Release|Any CPU
		{0832D5B0-770E-4988-BD05-033D2B02CCC7}.Debug|Any CPU.ActiveCfg = Debug|Any CPU
		{0832D5B0-770E-4988-BD05-033D2B02CCC7}.Debug|Any CPU.Build.0 = Debug|Any CPU
		{0832D5B0-770E-4988-BD05-033D2B02CCC7}.Debug|ARM64.ActiveCfg = Debug|Any CPU
		{0832D5B0-770E-4988-BD05-033D2B02CCC7}.Debug|ARM64.Build.0 = Debug|Any CPU
		{0832D5B0-770E-4988-BD05-033D2B02CCC7}.Debug|x64.ActiveCfg = Debug|Any CPU
		{0832D5B0-770E-4988-BD05-033D2B02CCC7}.Debug|x64.Build.0 = Debug|Any CPU
		{0832D5B0-770E-4988-BD05-033D2B02CCC7}.Debug|x86.ActiveCfg = Debug|Any CPU
		{0832D5B0-770E-4988-BD05-033D2B02CCC7}.Debug|x86.Build.0 = Debug|Any CPU
		{0832D5B0-770E-4988-BD05-033D2B02CCC7}.Release|Any CPU.ActiveCfg = Release|Any CPU
		{0832D5B0-770E-4988-BD05-033D2B02CCC7}.Release|Any CPU.Build.0 = Release|Any CPU
		{0832D5B0-770E-4988-BD05-033D2B02CCC7}.Release|ARM64.ActiveCfg = Release|Any CPU
		{0832D5B0-770E-4988-BD05-033D2B02CCC7}.Release|ARM64.Build.0 = Release|Any CPU
		{0832D5B0-770E-4988-BD05-033D2B02CCC7}.Release|x64.ActiveCfg = Release|Any CPU
		{0832D5B0-770E-4988-BD05-033D2B02CCC7}.Release|x64.Build.0 = Release|Any CPU
		{0832D5B0-770E-4988-BD05-033D2B02CCC7}.Release|x86.ActiveCfg = Release|Any CPU
		{0832D5B0-770E-4988-BD05-033D2B02CCC7}.Release|x86.Build.0 = Release|Any CPU
		{BA698613-4594-4B58-A7D3-D7ABE687E45A}.Debug|Any CPU.ActiveCfg = Debug|Any CPU
		{BA698613-4594-4B58-A7D3-D7ABE687E45A}.Debug|Any CPU.Build.0 = Debug|Any CPU
		{BA698613-4594-4B58-A7D3-D7ABE687E45A}.Debug|ARM64.ActiveCfg = Debug|Any CPU
		{BA698613-4594-4B58-A7D3-D7ABE687E45A}.Debug|ARM64.Build.0 = Debug|Any CPU
		{BA698613-4594-4B58-A7D3-D7ABE687E45A}.Debug|x64.ActiveCfg = Debug|Any CPU
		{BA698613-4594-4B58-A7D3-D7ABE687E45A}.Debug|x64.Build.0 = Debug|Any CPU
		{BA698613-4594-4B58-A7D3-D7ABE687E45A}.Debug|x86.ActiveCfg = Debug|Any CPU
		{BA698613-4594-4B58-A7D3-D7ABE687E45A}.Debug|x86.Build.0 = Debug|Any CPU
		{BA698613-4594-4B58-A7D3-D7ABE687E45A}.Release|Any CPU.ActiveCfg = Release|Any CPU
		{BA698613-4594-4B58-A7D3-D7ABE687E45A}.Release|Any CPU.Build.0 = Release|Any CPU
		{BA698613-4594-4B58-A7D3-D7ABE687E45A}.Release|ARM64.ActiveCfg = Release|Any CPU
		{BA698613-4594-4B58-A7D3-D7ABE687E45A}.Release|ARM64.Build.0 = Release|Any CPU
		{BA698613-4594-4B58-A7D3-D7ABE687E45A}.Release|x64.ActiveCfg = Release|Any CPU
		{BA698613-4594-4B58-A7D3-D7ABE687E45A}.Release|x64.Build.0 = Release|Any CPU
		{BA698613-4594-4B58-A7D3-D7ABE687E45A}.Release|x86.ActiveCfg = Release|Any CPU
		{BA698613-4594-4B58-A7D3-D7ABE687E45A}.Release|x86.Build.0 = Release|Any CPU
		{57F910F4-10F0-49AA-9BA9-3D4EC3291659}.Debug|Any CPU.ActiveCfg = Debug|Any CPU
		{57F910F4-10F0-49AA-9BA9-3D4EC3291659}.Debug|Any CPU.Build.0 = Debug|Any CPU
		{57F910F4-10F0-49AA-9BA9-3D4EC3291659}.Debug|ARM64.ActiveCfg = Debug|Any CPU
		{57F910F4-10F0-49AA-9BA9-3D4EC3291659}.Debug|ARM64.Build.0 = Debug|Any CPU
		{57F910F4-10F0-49AA-9BA9-3D4EC3291659}.Debug|x64.ActiveCfg = Debug|Any CPU
		{57F910F4-10F0-49AA-9BA9-3D4EC3291659}.Debug|x64.Build.0 = Debug|Any CPU
		{57F910F4-10F0-49AA-9BA9-3D4EC3291659}.Debug|x86.ActiveCfg = Debug|Any CPU
		{57F910F4-10F0-49AA-9BA9-3D4EC3291659}.Debug|x86.Build.0 = Debug|Any CPU
		{57F910F4-10F0-49AA-9BA9-3D4EC3291659}.Release|Any CPU.ActiveCfg = Release|Any CPU
		{57F910F4-10F0-49AA-9BA9-3D4EC3291659}.Release|Any CPU.Build.0 = Release|Any CPU
		{57F910F4-10F0-49AA-9BA9-3D4EC3291659}.Release|ARM64.ActiveCfg = Release|Any CPU
		{57F910F4-10F0-49AA-9BA9-3D4EC3291659}.Release|ARM64.Build.0 = Release|Any CPU
		{57F910F4-10F0-49AA-9BA9-3D4EC3291659}.Release|x64.ActiveCfg = Release|Any CPU
		{57F910F4-10F0-49AA-9BA9-3D4EC3291659}.Release|x64.Build.0 = Release|Any CPU
		{57F910F4-10F0-49AA-9BA9-3D4EC3291659}.Release|x86.ActiveCfg = Release|Any CPU
		{57F910F4-10F0-49AA-9BA9-3D4EC3291659}.Release|x86.Build.0 = Release|Any CPU
		{F367B5B9-8ACE-445F-B859-C323930584EF}.Debug|Any CPU.ActiveCfg = Debug|Any CPU
		{F367B5B9-8ACE-445F-B859-C323930584EF}.Debug|Any CPU.Build.0 = Debug|Any CPU
		{F367B5B9-8ACE-445F-B859-C323930584EF}.Debug|ARM64.ActiveCfg = Debug|Any CPU
		{F367B5B9-8ACE-445F-B859-C323930584EF}.Debug|ARM64.Build.0 = Debug|Any CPU
		{F367B5B9-8ACE-445F-B859-C323930584EF}.Debug|x64.ActiveCfg = Debug|Any CPU
		{F367B5B9-8ACE-445F-B859-C323930584EF}.Debug|x64.Build.0 = Debug|Any CPU
		{F367B5B9-8ACE-445F-B859-C323930584EF}.Debug|x86.ActiveCfg = Debug|Any CPU
		{F367B5B9-8ACE-445F-B859-C323930584EF}.Debug|x86.Build.0 = Debug|Any CPU
		{F367B5B9-8ACE-445F-B859-C323930584EF}.Release|Any CPU.ActiveCfg = Release|Any CPU
		{F367B5B9-8ACE-445F-B859-C323930584EF}.Release|Any CPU.Build.0 = Release|Any CPU
		{F367B5B9-8ACE-445F-B859-C323930584EF}.Release|ARM64.ActiveCfg = Release|Any CPU
		{F367B5B9-8ACE-445F-B859-C323930584EF}.Release|ARM64.Build.0 = Release|Any CPU
		{F367B5B9-8ACE-445F-B859-C323930584EF}.Release|x64.ActiveCfg = Release|Any CPU
		{F367B5B9-8ACE-445F-B859-C323930584EF}.Release|x64.Build.0 = Release|Any CPU
		{F367B5B9-8ACE-445F-B859-C323930584EF}.Release|x86.ActiveCfg = Release|Any CPU
		{F367B5B9-8ACE-445F-B859-C323930584EF}.Release|x86.Build.0 = Release|Any CPU
		{0445AB24-CD50-4B4F-BB97-8977B3EB0FD2}.Debug|Any CPU.ActiveCfg = Debug|Any CPU
		{0445AB24-CD50-4B4F-BB97-8977B3EB0FD2}.Debug|Any CPU.Build.0 = Debug|Any CPU
		{0445AB24-CD50-4B4F-BB97-8977B3EB0FD2}.Debug|ARM64.ActiveCfg = Debug|Any CPU
		{0445AB24-CD50-4B4F-BB97-8977B3EB0FD2}.Debug|ARM64.Build.0 = Debug|Any CPU
		{0445AB24-CD50-4B4F-BB97-8977B3EB0FD2}.Debug|x64.ActiveCfg = Debug|Any CPU
		{0445AB24-CD50-4B4F-BB97-8977B3EB0FD2}.Debug|x64.Build.0 = Debug|Any CPU
		{0445AB24-CD50-4B4F-BB97-8977B3EB0FD2}.Debug|x86.ActiveCfg = Debug|Any CPU
		{0445AB24-CD50-4B4F-BB97-8977B3EB0FD2}.Debug|x86.Build.0 = Debug|Any CPU
		{0445AB24-CD50-4B4F-BB97-8977B3EB0FD2}.Release|Any CPU.ActiveCfg = Release|Any CPU
		{0445AB24-CD50-4B4F-BB97-8977B3EB0FD2}.Release|Any CPU.Build.0 = Release|Any CPU
		{0445AB24-CD50-4B4F-BB97-8977B3EB0FD2}.Release|ARM64.ActiveCfg = Release|Any CPU
		{0445AB24-CD50-4B4F-BB97-8977B3EB0FD2}.Release|ARM64.Build.0 = Release|Any CPU
		{0445AB24-CD50-4B4F-BB97-8977B3EB0FD2}.Release|x64.ActiveCfg = Release|Any CPU
		{0445AB24-CD50-4B4F-BB97-8977B3EB0FD2}.Release|x64.Build.0 = Release|Any CPU
		{0445AB24-CD50-4B4F-BB97-8977B3EB0FD2}.Release|x86.ActiveCfg = Release|Any CPU
		{0445AB24-CD50-4B4F-BB97-8977B3EB0FD2}.Release|x86.Build.0 = Release|Any CPU
		{C5AF7BC4-711C-4EFC-9B10-FA4BE62E8B50}.Debug|Any CPU.ActiveCfg = Debug|Any CPU
		{C5AF7BC4-711C-4EFC-9B10-FA4BE62E8B50}.Debug|Any CPU.Build.0 = Debug|Any CPU
		{C5AF7BC4-711C-4EFC-9B10-FA4BE62E8B50}.Debug|ARM64.ActiveCfg = Debug|Any CPU
		{C5AF7BC4-711C-4EFC-9B10-FA4BE62E8B50}.Debug|ARM64.Build.0 = Debug|Any CPU
		{C5AF7BC4-711C-4EFC-9B10-FA4BE62E8B50}.Debug|x64.ActiveCfg = Debug|Any CPU
		{C5AF7BC4-711C-4EFC-9B10-FA4BE62E8B50}.Debug|x64.Build.0 = Debug|Any CPU
		{C5AF7BC4-711C-4EFC-9B10-FA4BE62E8B50}.Debug|x86.ActiveCfg = Debug|Any CPU
		{C5AF7BC4-711C-4EFC-9B10-FA4BE62E8B50}.Debug|x86.Build.0 = Debug|Any CPU
		{C5AF7BC4-711C-4EFC-9B10-FA4BE62E8B50}.Release|Any CPU.ActiveCfg = Release|Any CPU
		{C5AF7BC4-711C-4EFC-9B10-FA4BE62E8B50}.Release|Any CPU.Build.0 = Release|Any CPU
		{C5AF7BC4-711C-4EFC-9B10-FA4BE62E8B50}.Release|ARM64.ActiveCfg = Release|Any CPU
		{C5AF7BC4-711C-4EFC-9B10-FA4BE62E8B50}.Release|ARM64.Build.0 = Release|Any CPU
		{C5AF7BC4-711C-4EFC-9B10-FA4BE62E8B50}.Release|x64.ActiveCfg = Release|Any CPU
		{C5AF7BC4-711C-4EFC-9B10-FA4BE62E8B50}.Release|x64.Build.0 = Release|Any CPU
		{C5AF7BC4-711C-4EFC-9B10-FA4BE62E8B50}.Release|x86.ActiveCfg = Release|Any CPU
		{C5AF7BC4-711C-4EFC-9B10-FA4BE62E8B50}.Release|x86.Build.0 = Release|Any CPU
		{6425B33A-953B-4CCF-AA1B-772994FE6CB6}.Debug|Any CPU.ActiveCfg = Debug|Any CPU
		{6425B33A-953B-4CCF-AA1B-772994FE6CB6}.Debug|Any CPU.Build.0 = Debug|Any CPU
		{6425B33A-953B-4CCF-AA1B-772994FE6CB6}.Debug|ARM64.ActiveCfg = Debug|Any CPU
		{6425B33A-953B-4CCF-AA1B-772994FE6CB6}.Debug|ARM64.Build.0 = Debug|Any CPU
		{6425B33A-953B-4CCF-AA1B-772994FE6CB6}.Debug|x64.ActiveCfg = Debug|Any CPU
		{6425B33A-953B-4CCF-AA1B-772994FE6CB6}.Debug|x64.Build.0 = Debug|Any CPU
		{6425B33A-953B-4CCF-AA1B-772994FE6CB6}.Debug|x86.ActiveCfg = Debug|Any CPU
		{6425B33A-953B-4CCF-AA1B-772994FE6CB6}.Debug|x86.Build.0 = Debug|Any CPU
		{6425B33A-953B-4CCF-AA1B-772994FE6CB6}.Release|Any CPU.ActiveCfg = Release|Any CPU
		{6425B33A-953B-4CCF-AA1B-772994FE6CB6}.Release|Any CPU.Build.0 = Release|Any CPU
		{6425B33A-953B-4CCF-AA1B-772994FE6CB6}.Release|ARM64.ActiveCfg = Release|Any CPU
		{6425B33A-953B-4CCF-AA1B-772994FE6CB6}.Release|ARM64.Build.0 = Release|Any CPU
		{6425B33A-953B-4CCF-AA1B-772994FE6CB6}.Release|x64.ActiveCfg = Release|Any CPU
		{6425B33A-953B-4CCF-AA1B-772994FE6CB6}.Release|x64.Build.0 = Release|Any CPU
		{6425B33A-953B-4CCF-AA1B-772994FE6CB6}.Release|x86.ActiveCfg = Release|Any CPU
		{6425B33A-953B-4CCF-AA1B-772994FE6CB6}.Release|x86.Build.0 = Release|Any CPU
		{A4D0C5D1-BC21-4380-A099-12A46DC3A23C}.Debug|Any CPU.ActiveCfg = Debug|Any CPU
		{A4D0C5D1-BC21-4380-A099-12A46DC3A23C}.Debug|Any CPU.Build.0 = Debug|Any CPU
		{A4D0C5D1-BC21-4380-A099-12A46DC3A23C}.Debug|ARM64.ActiveCfg = Debug|Any CPU
		{A4D0C5D1-BC21-4380-A099-12A46DC3A23C}.Debug|ARM64.Build.0 = Debug|Any CPU
		{A4D0C5D1-BC21-4380-A099-12A46DC3A23C}.Debug|x64.ActiveCfg = Debug|Any CPU
		{A4D0C5D1-BC21-4380-A099-12A46DC3A23C}.Debug|x64.Build.0 = Debug|Any CPU
		{A4D0C5D1-BC21-4380-A099-12A46DC3A23C}.Debug|x86.ActiveCfg = Debug|Any CPU
		{A4D0C5D1-BC21-4380-A099-12A46DC3A23C}.Debug|x86.Build.0 = Debug|Any CPU
		{A4D0C5D1-BC21-4380-A099-12A46DC3A23C}.Release|Any CPU.ActiveCfg = Release|Any CPU
		{A4D0C5D1-BC21-4380-A099-12A46DC3A23C}.Release|Any CPU.Build.0 = Release|Any CPU
		{A4D0C5D1-BC21-4380-A099-12A46DC3A23C}.Release|ARM64.ActiveCfg = Release|Any CPU
		{A4D0C5D1-BC21-4380-A099-12A46DC3A23C}.Release|ARM64.Build.0 = Release|Any CPU
		{A4D0C5D1-BC21-4380-A099-12A46DC3A23C}.Release|x64.ActiveCfg = Release|Any CPU
		{A4D0C5D1-BC21-4380-A099-12A46DC3A23C}.Release|x64.Build.0 = Release|Any CPU
		{A4D0C5D1-BC21-4380-A099-12A46DC3A23C}.Release|x86.ActiveCfg = Release|Any CPU
		{A4D0C5D1-BC21-4380-A099-12A46DC3A23C}.Release|x86.Build.0 = Release|Any CPU
		{B95194D8-CED4-4386-9EAE-D83EFE55B1D6}.Debug|Any CPU.ActiveCfg = Debug|Any CPU
		{B95194D8-CED4-4386-9EAE-D83EFE55B1D6}.Debug|Any CPU.Build.0 = Debug|Any CPU
		{B95194D8-CED4-4386-9EAE-D83EFE55B1D6}.Debug|ARM64.ActiveCfg = Debug|Any CPU
		{B95194D8-CED4-4386-9EAE-D83EFE55B1D6}.Debug|ARM64.Build.0 = Debug|Any CPU
		{B95194D8-CED4-4386-9EAE-D83EFE55B1D6}.Debug|x64.ActiveCfg = Debug|Any CPU
		{B95194D8-CED4-4386-9EAE-D83EFE55B1D6}.Debug|x64.Build.0 = Debug|Any CPU
		{B95194D8-CED4-4386-9EAE-D83EFE55B1D6}.Debug|x86.ActiveCfg = Debug|Any CPU
		{B95194D8-CED4-4386-9EAE-D83EFE55B1D6}.Debug|x86.Build.0 = Debug|Any CPU
		{B95194D8-CED4-4386-9EAE-D83EFE55B1D6}.Release|Any CPU.ActiveCfg = Release|Any CPU
		{B95194D8-CED4-4386-9EAE-D83EFE55B1D6}.Release|Any CPU.Build.0 = Release|Any CPU
		{B95194D8-CED4-4386-9EAE-D83EFE55B1D6}.Release|ARM64.ActiveCfg = Release|Any CPU
		{B95194D8-CED4-4386-9EAE-D83EFE55B1D6}.Release|ARM64.Build.0 = Release|Any CPU
		{B95194D8-CED4-4386-9EAE-D83EFE55B1D6}.Release|x64.ActiveCfg = Release|Any CPU
		{B95194D8-CED4-4386-9EAE-D83EFE55B1D6}.Release|x64.Build.0 = Release|Any CPU
		{B95194D8-CED4-4386-9EAE-D83EFE55B1D6}.Release|x86.ActiveCfg = Release|Any CPU
		{B95194D8-CED4-4386-9EAE-D83EFE55B1D6}.Release|x86.Build.0 = Release|Any CPU
		{03EFBB7B-4448-42A5-B278-2F9CF836EBBD}.Debug|Any CPU.ActiveCfg = Debug|Any CPU
		{03EFBB7B-4448-42A5-B278-2F9CF836EBBD}.Debug|Any CPU.Build.0 = Debug|Any CPU
		{03EFBB7B-4448-42A5-B278-2F9CF836EBBD}.Debug|ARM64.ActiveCfg = Debug|Any CPU
		{03EFBB7B-4448-42A5-B278-2F9CF836EBBD}.Debug|ARM64.Build.0 = Debug|Any CPU
		{03EFBB7B-4448-42A5-B278-2F9CF836EBBD}.Debug|x64.ActiveCfg = Debug|Any CPU
		{03EFBB7B-4448-42A5-B278-2F9CF836EBBD}.Debug|x64.Build.0 = Debug|Any CPU
		{03EFBB7B-4448-42A5-B278-2F9CF836EBBD}.Debug|x86.ActiveCfg = Debug|Any CPU
		{03EFBB7B-4448-42A5-B278-2F9CF836EBBD}.Debug|x86.Build.0 = Debug|Any CPU
		{03EFBB7B-4448-42A5-B278-2F9CF836EBBD}.Release|Any CPU.ActiveCfg = Release|Any CPU
		{03EFBB7B-4448-42A5-B278-2F9CF836EBBD}.Release|Any CPU.Build.0 = Release|Any CPU
		{03EFBB7B-4448-42A5-B278-2F9CF836EBBD}.Release|ARM64.ActiveCfg = Release|Any CPU
		{03EFBB7B-4448-42A5-B278-2F9CF836EBBD}.Release|ARM64.Build.0 = Release|Any CPU
		{03EFBB7B-4448-42A5-B278-2F9CF836EBBD}.Release|x64.ActiveCfg = Release|Any CPU
		{03EFBB7B-4448-42A5-B278-2F9CF836EBBD}.Release|x64.Build.0 = Release|Any CPU
		{03EFBB7B-4448-42A5-B278-2F9CF836EBBD}.Release|x86.ActiveCfg = Release|Any CPU
		{03EFBB7B-4448-42A5-B278-2F9CF836EBBD}.Release|x86.Build.0 = Release|Any CPU
		{02E26D55-45F1-4B73-B000-A1C1DB30EF2C}.Debug|Any CPU.ActiveCfg = Debug|Any CPU
		{02E26D55-45F1-4B73-B000-A1C1DB30EF2C}.Debug|Any CPU.Build.0 = Debug|Any CPU
		{02E26D55-45F1-4B73-B000-A1C1DB30EF2C}.Debug|ARM64.ActiveCfg = Debug|Any CPU
		{02E26D55-45F1-4B73-B000-A1C1DB30EF2C}.Debug|ARM64.Build.0 = Debug|Any CPU
		{02E26D55-45F1-4B73-B000-A1C1DB30EF2C}.Debug|x64.ActiveCfg = Debug|Any CPU
		{02E26D55-45F1-4B73-B000-A1C1DB30EF2C}.Debug|x64.Build.0 = Debug|Any CPU
		{02E26D55-45F1-4B73-B000-A1C1DB30EF2C}.Debug|x86.ActiveCfg = Debug|Any CPU
		{02E26D55-45F1-4B73-B000-A1C1DB30EF2C}.Debug|x86.Build.0 = Debug|Any CPU
		{02E26D55-45F1-4B73-B000-A1C1DB30EF2C}.Release|Any CPU.ActiveCfg = Release|Any CPU
		{02E26D55-45F1-4B73-B000-A1C1DB30EF2C}.Release|Any CPU.Build.0 = Release|Any CPU
		{02E26D55-45F1-4B73-B000-A1C1DB30EF2C}.Release|ARM64.ActiveCfg = Release|Any CPU
		{02E26D55-45F1-4B73-B000-A1C1DB30EF2C}.Release|ARM64.Build.0 = Release|Any CPU
		{02E26D55-45F1-4B73-B000-A1C1DB30EF2C}.Release|x64.ActiveCfg = Release|Any CPU
		{02E26D55-45F1-4B73-B000-A1C1DB30EF2C}.Release|x64.Build.0 = Release|Any CPU
		{02E26D55-45F1-4B73-B000-A1C1DB30EF2C}.Release|x86.ActiveCfg = Release|Any CPU
		{02E26D55-45F1-4B73-B000-A1C1DB30EF2C}.Release|x86.Build.0 = Release|Any CPU
		{919388F4-AD25-4EAA-B506-25622A8BA371}.Debug|Any CPU.ActiveCfg = Debug|Any CPU
		{919388F4-AD25-4EAA-B506-25622A8BA371}.Debug|Any CPU.Build.0 = Debug|Any CPU
		{919388F4-AD25-4EAA-B506-25622A8BA371}.Debug|ARM64.ActiveCfg = Debug|Any CPU
		{919388F4-AD25-4EAA-B506-25622A8BA371}.Debug|ARM64.Build.0 = Debug|Any CPU
		{919388F4-AD25-4EAA-B506-25622A8BA371}.Debug|x64.ActiveCfg = Debug|Any CPU
		{919388F4-AD25-4EAA-B506-25622A8BA371}.Debug|x64.Build.0 = Debug|Any CPU
		{919388F4-AD25-4EAA-B506-25622A8BA371}.Debug|x86.ActiveCfg = Debug|Any CPU
		{919388F4-AD25-4EAA-B506-25622A8BA371}.Debug|x86.Build.0 = Debug|Any CPU
		{919388F4-AD25-4EAA-B506-25622A8BA371}.Release|Any CPU.ActiveCfg = Release|Any CPU
		{919388F4-AD25-4EAA-B506-25622A8BA371}.Release|Any CPU.Build.0 = Release|Any CPU
		{919388F4-AD25-4EAA-B506-25622A8BA371}.Release|ARM64.ActiveCfg = Release|Any CPU
		{919388F4-AD25-4EAA-B506-25622A8BA371}.Release|ARM64.Build.0 = Release|Any CPU
		{919388F4-AD25-4EAA-B506-25622A8BA371}.Release|x64.ActiveCfg = Release|Any CPU
		{919388F4-AD25-4EAA-B506-25622A8BA371}.Release|x64.Build.0 = Release|Any CPU
		{919388F4-AD25-4EAA-B506-25622A8BA371}.Release|x86.ActiveCfg = Release|Any CPU
		{919388F4-AD25-4EAA-B506-25622A8BA371}.Release|x86.Build.0 = Release|Any CPU
		{B2A43190-B21A-453E-B98F-BA0C9CB1067D}.Debug|Any CPU.ActiveCfg = Debug|Any CPU
		{B2A43190-B21A-453E-B98F-BA0C9CB1067D}.Debug|Any CPU.Build.0 = Debug|Any CPU
		{B2A43190-B21A-453E-B98F-BA0C9CB1067D}.Debug|ARM64.ActiveCfg = Debug|Any CPU
		{B2A43190-B21A-453E-B98F-BA0C9CB1067D}.Debug|ARM64.Build.0 = Debug|Any CPU
		{B2A43190-B21A-453E-B98F-BA0C9CB1067D}.Debug|x64.ActiveCfg = Debug|Any CPU
		{B2A43190-B21A-453E-B98F-BA0C9CB1067D}.Debug|x64.Build.0 = Debug|Any CPU
		{B2A43190-B21A-453E-B98F-BA0C9CB1067D}.Debug|x86.ActiveCfg = Debug|Any CPU
		{B2A43190-B21A-453E-B98F-BA0C9CB1067D}.Debug|x86.Build.0 = Debug|Any CPU
		{B2A43190-B21A-453E-B98F-BA0C9CB1067D}.Release|Any CPU.ActiveCfg = Release|Any CPU
		{B2A43190-B21A-453E-B98F-BA0C9CB1067D}.Release|Any CPU.Build.0 = Release|Any CPU
		{B2A43190-B21A-453E-B98F-BA0C9CB1067D}.Release|ARM64.ActiveCfg = Release|Any CPU
		{B2A43190-B21A-453E-B98F-BA0C9CB1067D}.Release|ARM64.Build.0 = Release|Any CPU
		{B2A43190-B21A-453E-B98F-BA0C9CB1067D}.Release|x64.ActiveCfg = Release|Any CPU
		{B2A43190-B21A-453E-B98F-BA0C9CB1067D}.Release|x64.Build.0 = Release|Any CPU
		{B2A43190-B21A-453E-B98F-BA0C9CB1067D}.Release|x86.ActiveCfg = Release|Any CPU
		{B2A43190-B21A-453E-B98F-BA0C9CB1067D}.Release|x86.Build.0 = Release|Any CPU
		{DFA7330E-3191-4F08-83A4-80FA71CF4AC3}.Debug|Any CPU.ActiveCfg = Debug|Any CPU
		{DFA7330E-3191-4F08-83A4-80FA71CF4AC3}.Debug|Any CPU.Build.0 = Debug|Any CPU
		{DFA7330E-3191-4F08-83A4-80FA71CF4AC3}.Debug|ARM64.ActiveCfg = Debug|Any CPU
		{DFA7330E-3191-4F08-83A4-80FA71CF4AC3}.Debug|ARM64.Build.0 = Debug|Any CPU
		{DFA7330E-3191-4F08-83A4-80FA71CF4AC3}.Debug|x64.ActiveCfg = Debug|Any CPU
		{DFA7330E-3191-4F08-83A4-80FA71CF4AC3}.Debug|x64.Build.0 = Debug|Any CPU
		{DFA7330E-3191-4F08-83A4-80FA71CF4AC3}.Debug|x86.ActiveCfg = Debug|Any CPU
		{DFA7330E-3191-4F08-83A4-80FA71CF4AC3}.Debug|x86.Build.0 = Debug|Any CPU
		{DFA7330E-3191-4F08-83A4-80FA71CF4AC3}.Release|Any CPU.ActiveCfg = Release|Any CPU
		{DFA7330E-3191-4F08-83A4-80FA71CF4AC3}.Release|Any CPU.Build.0 = Release|Any CPU
		{DFA7330E-3191-4F08-83A4-80FA71CF4AC3}.Release|ARM64.ActiveCfg = Release|Any CPU
		{DFA7330E-3191-4F08-83A4-80FA71CF4AC3}.Release|ARM64.Build.0 = Release|Any CPU
		{DFA7330E-3191-4F08-83A4-80FA71CF4AC3}.Release|x64.ActiveCfg = Release|Any CPU
		{DFA7330E-3191-4F08-83A4-80FA71CF4AC3}.Release|x64.Build.0 = Release|Any CPU
		{DFA7330E-3191-4F08-83A4-80FA71CF4AC3}.Release|x86.ActiveCfg = Release|Any CPU
		{DFA7330E-3191-4F08-83A4-80FA71CF4AC3}.Release|x86.Build.0 = Release|Any CPU
		{DE9C1B8F-A807-4E67-957A-DAC2199B5B9D}.Debug|Any CPU.ActiveCfg = Debug|Any CPU
		{DE9C1B8F-A807-4E67-957A-DAC2199B5B9D}.Debug|Any CPU.Build.0 = Debug|Any CPU
		{DE9C1B8F-A807-4E67-957A-DAC2199B5B9D}.Debug|ARM64.ActiveCfg = Debug|Any CPU
		{DE9C1B8F-A807-4E67-957A-DAC2199B5B9D}.Debug|ARM64.Build.0 = Debug|Any CPU
		{DE9C1B8F-A807-4E67-957A-DAC2199B5B9D}.Debug|x64.ActiveCfg = Debug|Any CPU
		{DE9C1B8F-A807-4E67-957A-DAC2199B5B9D}.Debug|x64.Build.0 = Debug|Any CPU
		{DE9C1B8F-A807-4E67-957A-DAC2199B5B9D}.Debug|x86.ActiveCfg = Debug|Any CPU
		{DE9C1B8F-A807-4E67-957A-DAC2199B5B9D}.Debug|x86.Build.0 = Debug|Any CPU
		{DE9C1B8F-A807-4E67-957A-DAC2199B5B9D}.Release|Any CPU.ActiveCfg = Release|Any CPU
		{DE9C1B8F-A807-4E67-957A-DAC2199B5B9D}.Release|Any CPU.Build.0 = Release|Any CPU
		{DE9C1B8F-A807-4E67-957A-DAC2199B5B9D}.Release|ARM64.ActiveCfg = Release|Any CPU
		{DE9C1B8F-A807-4E67-957A-DAC2199B5B9D}.Release|ARM64.Build.0 = Release|Any CPU
		{DE9C1B8F-A807-4E67-957A-DAC2199B5B9D}.Release|x64.ActiveCfg = Release|Any CPU
		{DE9C1B8F-A807-4E67-957A-DAC2199B5B9D}.Release|x64.Build.0 = Release|Any CPU
		{DE9C1B8F-A807-4E67-957A-DAC2199B5B9D}.Release|x86.ActiveCfg = Release|Any CPU
		{DE9C1B8F-A807-4E67-957A-DAC2199B5B9D}.Release|x86.Build.0 = Release|Any CPU
		{5F265CAC-953E-43D6-A3A0-217C4CE0547D}.Debug|Any CPU.ActiveCfg = Debug|x64
		{5F265CAC-953E-43D6-A3A0-217C4CE0547D}.Debug|Any CPU.Build.0 = Debug|x64
		{5F265CAC-953E-43D6-A3A0-217C4CE0547D}.Debug|Any CPU.Deploy.0 = Debug|x64
		{5F265CAC-953E-43D6-A3A0-217C4CE0547D}.Debug|ARM64.ActiveCfg = Debug|Any CPU
		{5F265CAC-953E-43D6-A3A0-217C4CE0547D}.Debug|x64.ActiveCfg = Debug|Any CPU
		{5F265CAC-953E-43D6-A3A0-217C4CE0547D}.Debug|x86.ActiveCfg = Debug|Any CPU
		{5F265CAC-953E-43D6-A3A0-217C4CE0547D}.Debug|x86.Build.0 = Debug|Any CPU
		{5F265CAC-953E-43D6-A3A0-217C4CE0547D}.Debug|x86.Deploy.0 = Debug|Any CPU
		{5F265CAC-953E-43D6-A3A0-217C4CE0547D}.Release|Any CPU.ActiveCfg = Release|Any CPU
		{5F265CAC-953E-43D6-A3A0-217C4CE0547D}.Release|Any CPU.Build.0 = Release|Any CPU
		{5F265CAC-953E-43D6-A3A0-217C4CE0547D}.Release|Any CPU.Deploy.0 = Release|Any CPU
		{5F265CAC-953E-43D6-A3A0-217C4CE0547D}.Release|ARM64.ActiveCfg = Release|Any CPU
		{5F265CAC-953E-43D6-A3A0-217C4CE0547D}.Release|x64.ActiveCfg = Release|Any CPU
		{5F265CAC-953E-43D6-A3A0-217C4CE0547D}.Release|x86.ActiveCfg = Release|Any CPU
		{5F265CAC-953E-43D6-A3A0-217C4CE0547D}.Release|x86.Build.0 = Release|Any CPU
		{5F265CAC-953E-43D6-A3A0-217C4CE0547D}.Release|x86.Deploy.0 = Release|Any CPU
		{AEF98246-D459-48BE-A4A1-AD93CBDCC3D5}.Debug|Any CPU.ActiveCfg = Debug|Any CPU
		{AEF98246-D459-48BE-A4A1-AD93CBDCC3D5}.Debug|Any CPU.Build.0 = Debug|Any CPU
		{AEF98246-D459-48BE-A4A1-AD93CBDCC3D5}.Debug|ARM64.ActiveCfg = Debug|Any CPU
		{AEF98246-D459-48BE-A4A1-AD93CBDCC3D5}.Debug|ARM64.Build.0 = Debug|Any CPU
		{AEF98246-D459-48BE-A4A1-AD93CBDCC3D5}.Debug|x64.ActiveCfg = Debug|Any CPU
		{AEF98246-D459-48BE-A4A1-AD93CBDCC3D5}.Debug|x64.Build.0 = Debug|Any CPU
		{AEF98246-D459-48BE-A4A1-AD93CBDCC3D5}.Debug|x86.ActiveCfg = Debug|Any CPU
		{AEF98246-D459-48BE-A4A1-AD93CBDCC3D5}.Debug|x86.Build.0 = Debug|Any CPU
		{AEF98246-D459-48BE-A4A1-AD93CBDCC3D5}.Release|Any CPU.ActiveCfg = Release|Any CPU
		{AEF98246-D459-48BE-A4A1-AD93CBDCC3D5}.Release|Any CPU.Build.0 = Release|Any CPU
		{AEF98246-D459-48BE-A4A1-AD93CBDCC3D5}.Release|ARM64.ActiveCfg = Release|Any CPU
		{AEF98246-D459-48BE-A4A1-AD93CBDCC3D5}.Release|ARM64.Build.0 = Release|Any CPU
		{AEF98246-D459-48BE-A4A1-AD93CBDCC3D5}.Release|x64.ActiveCfg = Release|Any CPU
		{AEF98246-D459-48BE-A4A1-AD93CBDCC3D5}.Release|x64.Build.0 = Release|Any CPU
		{AEF98246-D459-48BE-A4A1-AD93CBDCC3D5}.Release|x86.ActiveCfg = Release|Any CPU
		{AEF98246-D459-48BE-A4A1-AD93CBDCC3D5}.Release|x86.Build.0 = Release|Any CPU
		{42C51058-FCA8-428D-9F83-09554C1183BA}.Debug|Any CPU.ActiveCfg = Debug|Any CPU
		{42C51058-FCA8-428D-9F83-09554C1183BA}.Debug|Any CPU.Build.0 = Debug|Any CPU
		{42C51058-FCA8-428D-9F83-09554C1183BA}.Debug|ARM64.ActiveCfg = Debug|Any CPU
		{42C51058-FCA8-428D-9F83-09554C1183BA}.Debug|ARM64.Build.0 = Debug|Any CPU
		{42C51058-FCA8-428D-9F83-09554C1183BA}.Debug|x64.ActiveCfg = Debug|Any CPU
		{42C51058-FCA8-428D-9F83-09554C1183BA}.Debug|x64.Build.0 = Debug|Any CPU
		{42C51058-FCA8-428D-9F83-09554C1183BA}.Debug|x86.ActiveCfg = Debug|Any CPU
		{42C51058-FCA8-428D-9F83-09554C1183BA}.Debug|x86.Build.0 = Debug|Any CPU
		{42C51058-FCA8-428D-9F83-09554C1183BA}.Release|Any CPU.ActiveCfg = Release|Any CPU
		{42C51058-FCA8-428D-9F83-09554C1183BA}.Release|Any CPU.Build.0 = Release|Any CPU
		{42C51058-FCA8-428D-9F83-09554C1183BA}.Release|ARM64.ActiveCfg = Release|Any CPU
		{42C51058-FCA8-428D-9F83-09554C1183BA}.Release|ARM64.Build.0 = Release|Any CPU
		{42C51058-FCA8-428D-9F83-09554C1183BA}.Release|x64.ActiveCfg = Release|Any CPU
		{42C51058-FCA8-428D-9F83-09554C1183BA}.Release|x64.Build.0 = Release|Any CPU
		{42C51058-FCA8-428D-9F83-09554C1183BA}.Release|x86.ActiveCfg = Release|Any CPU
		{42C51058-FCA8-428D-9F83-09554C1183BA}.Release|x86.Build.0 = Release|Any CPU
		{486D09F2-E155-4FE0-9250-E26FFF59A52A}.Debug|Any CPU.ActiveCfg = Debug|Any CPU
		{486D09F2-E155-4FE0-9250-E26FFF59A52A}.Debug|Any CPU.Build.0 = Debug|Any CPU
		{486D09F2-E155-4FE0-9250-E26FFF59A52A}.Debug|ARM64.ActiveCfg = Debug|Any CPU
		{486D09F2-E155-4FE0-9250-E26FFF59A52A}.Debug|ARM64.Build.0 = Debug|Any CPU
		{486D09F2-E155-4FE0-9250-E26FFF59A52A}.Debug|x64.ActiveCfg = Debug|Any CPU
		{486D09F2-E155-4FE0-9250-E26FFF59A52A}.Debug|x64.Build.0 = Debug|Any CPU
		{486D09F2-E155-4FE0-9250-E26FFF59A52A}.Debug|x86.ActiveCfg = Debug|Any CPU
		{486D09F2-E155-4FE0-9250-E26FFF59A52A}.Debug|x86.Build.0 = Debug|Any CPU
		{486D09F2-E155-4FE0-9250-E26FFF59A52A}.Release|Any CPU.ActiveCfg = Release|Any CPU
		{486D09F2-E155-4FE0-9250-E26FFF59A52A}.Release|Any CPU.Build.0 = Release|Any CPU
		{486D09F2-E155-4FE0-9250-E26FFF59A52A}.Release|ARM64.ActiveCfg = Release|Any CPU
		{486D09F2-E155-4FE0-9250-E26FFF59A52A}.Release|ARM64.Build.0 = Release|Any CPU
		{486D09F2-E155-4FE0-9250-E26FFF59A52A}.Release|x64.ActiveCfg = Release|Any CPU
		{486D09F2-E155-4FE0-9250-E26FFF59A52A}.Release|x64.Build.0 = Release|Any CPU
		{486D09F2-E155-4FE0-9250-E26FFF59A52A}.Release|x86.ActiveCfg = Release|Any CPU
		{486D09F2-E155-4FE0-9250-E26FFF59A52A}.Release|x86.Build.0 = Release|Any CPU
		{D35D7636-5269-4929-AD5F-3211F6D4CE11}.Debug|Any CPU.ActiveCfg = Debug|Any CPU
		{D35D7636-5269-4929-AD5F-3211F6D4CE11}.Debug|Any CPU.Build.0 = Debug|Any CPU
		{D35D7636-5269-4929-AD5F-3211F6D4CE11}.Debug|ARM64.ActiveCfg = Debug|Any CPU
		{D35D7636-5269-4929-AD5F-3211F6D4CE11}.Debug|ARM64.Build.0 = Debug|Any CPU
		{D35D7636-5269-4929-AD5F-3211F6D4CE11}.Debug|x64.ActiveCfg = Debug|Any CPU
		{D35D7636-5269-4929-AD5F-3211F6D4CE11}.Debug|x64.Build.0 = Debug|Any CPU
		{D35D7636-5269-4929-AD5F-3211F6D4CE11}.Debug|x86.ActiveCfg = Debug|Any CPU
		{D35D7636-5269-4929-AD5F-3211F6D4CE11}.Debug|x86.Build.0 = Debug|Any CPU
		{D35D7636-5269-4929-AD5F-3211F6D4CE11}.Release|Any CPU.ActiveCfg = Release|Any CPU
		{D35D7636-5269-4929-AD5F-3211F6D4CE11}.Release|Any CPU.Build.0 = Release|Any CPU
		{D35D7636-5269-4929-AD5F-3211F6D4CE11}.Release|ARM64.ActiveCfg = Release|Any CPU
		{D35D7636-5269-4929-AD5F-3211F6D4CE11}.Release|ARM64.Build.0 = Release|Any CPU
		{D35D7636-5269-4929-AD5F-3211F6D4CE11}.Release|x64.ActiveCfg = Release|Any CPU
		{D35D7636-5269-4929-AD5F-3211F6D4CE11}.Release|x64.Build.0 = Release|Any CPU
		{D35D7636-5269-4929-AD5F-3211F6D4CE11}.Release|x86.ActiveCfg = Release|Any CPU
		{D35D7636-5269-4929-AD5F-3211F6D4CE11}.Release|x86.Build.0 = Release|Any CPU
		{67929B82-5667-4AC3-9133-434872B87D8A}.Debug|Any CPU.ActiveCfg = Debug|Any CPU
		{67929B82-5667-4AC3-9133-434872B87D8A}.Debug|Any CPU.Build.0 = Debug|Any CPU
		{67929B82-5667-4AC3-9133-434872B87D8A}.Debug|ARM64.ActiveCfg = Debug|Any CPU
		{67929B82-5667-4AC3-9133-434872B87D8A}.Debug|ARM64.Build.0 = Debug|Any CPU
		{67929B82-5667-4AC3-9133-434872B87D8A}.Debug|x64.ActiveCfg = Debug|Any CPU
		{67929B82-5667-4AC3-9133-434872B87D8A}.Debug|x64.Build.0 = Debug|Any CPU
		{67929B82-5667-4AC3-9133-434872B87D8A}.Debug|x86.ActiveCfg = Debug|Any CPU
		{67929B82-5667-4AC3-9133-434872B87D8A}.Debug|x86.Build.0 = Debug|Any CPU
		{67929B82-5667-4AC3-9133-434872B87D8A}.Release|Any CPU.ActiveCfg = Release|Any CPU
		{67929B82-5667-4AC3-9133-434872B87D8A}.Release|Any CPU.Build.0 = Release|Any CPU
		{67929B82-5667-4AC3-9133-434872B87D8A}.Release|ARM64.ActiveCfg = Release|Any CPU
		{67929B82-5667-4AC3-9133-434872B87D8A}.Release|ARM64.Build.0 = Release|Any CPU
		{67929B82-5667-4AC3-9133-434872B87D8A}.Release|x64.ActiveCfg = Release|Any CPU
		{67929B82-5667-4AC3-9133-434872B87D8A}.Release|x64.Build.0 = Release|Any CPU
		{67929B82-5667-4AC3-9133-434872B87D8A}.Release|x86.ActiveCfg = Release|Any CPU
		{67929B82-5667-4AC3-9133-434872B87D8A}.Release|x86.Build.0 = Release|Any CPU
		{6CF5228F-2FB0-4C1E-9B27-809298720005}.Debug|Any CPU.ActiveCfg = Debug|Any CPU
		{6CF5228F-2FB0-4C1E-9B27-809298720005}.Debug|Any CPU.Build.0 = Debug|Any CPU
		{6CF5228F-2FB0-4C1E-9B27-809298720005}.Debug|ARM64.ActiveCfg = Debug|Any CPU
		{6CF5228F-2FB0-4C1E-9B27-809298720005}.Debug|ARM64.Build.0 = Debug|Any CPU
		{6CF5228F-2FB0-4C1E-9B27-809298720005}.Debug|x64.ActiveCfg = Debug|Any CPU
		{6CF5228F-2FB0-4C1E-9B27-809298720005}.Debug|x64.Build.0 = Debug|Any CPU
		{6CF5228F-2FB0-4C1E-9B27-809298720005}.Debug|x86.ActiveCfg = Debug|Any CPU
		{6CF5228F-2FB0-4C1E-9B27-809298720005}.Debug|x86.Build.0 = Debug|Any CPU
		{6CF5228F-2FB0-4C1E-9B27-809298720005}.Release|Any CPU.ActiveCfg = Release|Any CPU
		{6CF5228F-2FB0-4C1E-9B27-809298720005}.Release|Any CPU.Build.0 = Release|Any CPU
		{6CF5228F-2FB0-4C1E-9B27-809298720005}.Release|ARM64.ActiveCfg = Release|Any CPU
		{6CF5228F-2FB0-4C1E-9B27-809298720005}.Release|ARM64.Build.0 = Release|Any CPU
		{6CF5228F-2FB0-4C1E-9B27-809298720005}.Release|x64.ActiveCfg = Release|Any CPU
		{6CF5228F-2FB0-4C1E-9B27-809298720005}.Release|x64.Build.0 = Release|Any CPU
		{6CF5228F-2FB0-4C1E-9B27-809298720005}.Release|x86.ActiveCfg = Release|Any CPU
		{6CF5228F-2FB0-4C1E-9B27-809298720005}.Release|x86.Build.0 = Release|Any CPU
	EndGlobalSection
	GlobalSection(SolutionProperties) = preSolution
		HideSolutionNode = FALSE
	EndGlobalSection
	GlobalSection(NestedProjects) = preSolution
		{878E6447-B349-498F-81DD-63350CB408F6} = {D3E1F152-76BA-40BE-9D0C-8F2CD124FC4C}
		{0832D5B0-770E-4988-BD05-033D2B02CCC7} = {D3E1F152-76BA-40BE-9D0C-8F2CD124FC4C}
		{BA698613-4594-4B58-A7D3-D7ABE687E45A} = {53D1E79B-108E-4889-A152-016FF8521436}
		{57F910F4-10F0-49AA-9BA9-3D4EC3291659} = {D3E1F152-76BA-40BE-9D0C-8F2CD124FC4C}
		{F367B5B9-8ACE-445F-B859-C323930584EF} = {3BC09110-05BA-4363-9A18-07035088B538}
		{75530CE1-DE0B-4FD6-BAF8-8DA4A88C9316} = {07904EA8-7969-42CB-B5A7-5BDA087AA900}
		{43F60664-E191-4763-A577-16F239C50740} = {07904EA8-7969-42CB-B5A7-5BDA087AA900}
		{CFE4DA07-B777-4A56-B4EF-6A5357250707} = {07904EA8-7969-42CB-B5A7-5BDA087AA900}
		{0445AB24-CD50-4B4F-BB97-8977B3EB0FD2} = {182D2969-79F8-4180-8E93-B57DB21B52D7}
		{C5AF7BC4-711C-4EFC-9B10-FA4BE62E8B50} = {0FEFCE26-ED1B-4EC9-813E-F75A4DED6AC0}
		{6425B33A-953B-4CCF-AA1B-772994FE6CB6} = {182D2969-79F8-4180-8E93-B57DB21B52D7}
		{A4D0C5D1-BC21-4380-A099-12A46DC3A23C} = {D3E1F152-76BA-40BE-9D0C-8F2CD124FC4C}
		{B95194D8-CED4-4386-9EAE-D83EFE55B1D6} = {0FEFCE26-ED1B-4EC9-813E-F75A4DED6AC0}
		{03EFBB7B-4448-42A5-B278-2F9CF836EBBD} = {0FEFCE26-ED1B-4EC9-813E-F75A4DED6AC0}
		{02E26D55-45F1-4B73-B000-A1C1DB30EF2C} = {D3E1F152-76BA-40BE-9D0C-8F2CD124FC4C}
		{919388F4-AD25-4EAA-B506-25622A8BA371} = {3BC09110-05BA-4363-9A18-07035088B538}
		{B2A43190-B21A-453E-B98F-BA0C9CB1067D} = {D3E1F152-76BA-40BE-9D0C-8F2CD124FC4C}
		{DFA7330E-3191-4F08-83A4-80FA71CF4AC3} = {0FEFCE26-ED1B-4EC9-813E-F75A4DED6AC0}
		{DE9C1B8F-A807-4E67-957A-DAC2199B5B9D} = {182D2969-79F8-4180-8E93-B57DB21B52D7}
		{5F265CAC-953E-43D6-A3A0-217C4CE0547D} = {182D2969-79F8-4180-8E93-B57DB21B52D7}
		{AEF98246-D459-48BE-A4A1-AD93CBDCC3D5} = {0FEFCE26-ED1B-4EC9-813E-F75A4DED6AC0}
		{42C51058-FCA8-428D-9F83-09554C1183BA} = {3BC09110-05BA-4363-9A18-07035088B538}
		{486D09F2-E155-4FE0-9250-E26FFF59A52A} = {3BC09110-05BA-4363-9A18-07035088B538}
		{D35D7636-5269-4929-AD5F-3211F6D4CE11} = {3BC09110-05BA-4363-9A18-07035088B538}
		{67929B82-5667-4AC3-9133-434872B87D8A} = {182D2969-79F8-4180-8E93-B57DB21B52D7}
		{6CF5228F-2FB0-4C1E-9B27-809298720005} = {182D2969-79F8-4180-8E93-B57DB21B52D7}
	EndGlobalSection
	GlobalSection(ExtensibilityGlobals) = postSolution
		SolutionGuid = {77CFC911-CD7B-47CB-AEFA-B45DE0D36A3E}
	EndGlobalSection
EndGlobal
